
Microsoft Visual Studio Solution File, Format Version 12.00
# Visual Studio Version 17
VisualStudioVersion = 17.13.35931.197
MinimumVisualStudioVersion = 10.0.40219.1
Project("{2150E333-8FDC-42A3-9474-1A3956D46DE8}") = "teccher", "teccher", "{02EA681E-C7D8-13C7-8484-4AC65E1B71E8}"
EndProject
Project("{2150E333-8FDC-42A3-9474-1A3956D46DE8}") = "My", "My", "{F92B50C1-54FA-4B55-9854-FDDBFF49C4F6}"
EndProject
Project("{FAE04EC0-301F-11D3-BF4B-00C04F79EFBC}") = "NorthwindStore", "My\NorthwindStore\NorthwindStore.csproj", "{5BB94782-8C05-4D0C-A4A5-03285CEA01F4}"
EndProject
Project("{FAE04EC0-301F-11D3-BF4B-00C04F79EFBC}") = "NorthwindStore", "Teacher\NorthwindStore\NorthwindStore.csproj", "{A87DBDF9-8503-99A1-62BC-9B2615212EEC}"
EndProject
Project("{FAE04EC0-301F-11D3-BF4B-00C04F79EFBC}") = "CSharp", "Teacher\CSharp\CSharp.csproj", "{2EFC3552-FA61-FD99-7160-3888BB0C946E}"
EndProject
Project("{FAE04EC0-301F-11D3-BF4B-00C04F79EFBC}") = "MyController", "Teacher\MyController\MyController.csproj", "{A7AAE6E9-DA45-F293-8D73-E81B4DE511E5}"
EndProject
Project("{FAE04EC0-301F-11D3-BF4B-00C04F79EFBC}") = "MyModel_DBFirst", "Teacher\MyModel_DBFirst\MyModel_DBFirst.csproj", "{14B83504-2F2D-DCEC-B5B9-5EA951698B9F}"
EndProject
Project("{FAE04EC0-301F-11D3-BF4B-00C04F79EFBC}") = "MyView", "Teacher\MyView\MyView.csproj", "{46822E02-2918-D0A7-C748-91DFD0E962B3}"
EndProject
Project("{FAE04EC0-301F-11D3-BF4B-00C04F79EFBC}") = "WebAPP", "Teacher\WebAPP\WebAPP.csproj", "{F85C1A1F-F2D8-249D-4BF5-F136219DD7BA}"
EndProject
Project("{FAE04EC0-301F-11D3-BF4B-00C04F79EFBC}") = "MyModel_CodeFirst", "My\MyModel_CodeFirst\MyModel_CodeFirst.csproj", "{E9EC3E22-C6B9-4D86-9A38-28AB807EC633}"
EndProject
Project("{FAE04EC0-301F-11D3-BF4B-00C04F79EFBC}") = "MyModel_CodeFirst", "Teacher\MyModel_CodeFirst\MyModel_CodeFirst.csproj", "{48214E5A-3AC7-0161-EBE3-140C2E8D3514}"
EndProject
Project("{FAE04EC0-301F-11D3-BF4B-00C04F79EFBC}") = "webAPI", "webAPI\webAPI.csproj", "{56AE4CFC-2D43-41E1-BF1C-4AB3FEACB513}"
EndProject
Global
	GlobalSection(SolutionConfigurationPlatforms) = preSolution
		Debug|Any CPU = Debug|Any CPU
		Release|Any CPU = Release|Any CPU
	EndGlobalSection
	GlobalSection(ProjectConfigurationPlatforms) = postSolution
		{5BB94782-8C05-4D0C-A4A5-03285CEA01F4}.Debug|Any CPU.ActiveCfg = Debug|Any CPU
		{5BB94782-8C05-4D0C-A4A5-03285CEA01F4}.Debug|Any CPU.Build.0 = Debug|Any CPU
		{5BB94782-8C05-4D0C-A4A5-03285CEA01F4}.Release|Any CPU.ActiveCfg = Release|Any CPU
		{5BB94782-8C05-4D0C-A4A5-03285CEA01F4}.Release|Any CPU.Build.0 = Release|Any CPU
		{A87DBDF9-8503-99A1-62BC-9B2615212EEC}.Debug|Any CPU.ActiveCfg = Debug|Any CPU
		{A87DBDF9-8503-99A1-62BC-9B2615212EEC}.Debug|Any CPU.Build.0 = Debug|Any CPU
		{A87DBDF9-8503-99A1-62BC-9B2615212EEC}.Release|Any CPU.ActiveCfg = Release|Any CPU
		{A87DBDF9-8503-99A1-62BC-9B2615212EEC}.Release|Any CPU.Build.0 = Release|Any CPU
		{2EFC3552-FA61-FD99-7160-3888BB0C946E}.Debug|Any CPU.ActiveCfg = Debug|Any CPU
		{2EFC3552-FA61-FD99-7160-3888BB0C946E}.Debug|Any CPU.Build.0 = Debug|Any CPU
		{2EFC3552-FA61-FD99-7160-3888BB0C946E}.Release|Any CPU.ActiveCfg = Release|Any CPU
		{2EFC3552-FA61-FD99-7160-3888BB0C946E}.Release|Any CPU.Build.0 = Release|Any CPU
		{A7AAE6E9-DA45-F293-8D73-E81B4DE511E5}.Debug|Any CPU.ActiveCfg = Debug|Any CPU
		{A7AAE6E9-DA45-F293-8D73-E81B4DE511E5}.Debug|Any CPU.Build.0 = Debug|Any CPU
		{A7AAE6E9-DA45-F293-8D73-E81B4DE511E5}.Release|Any CPU.ActiveCfg = Release|Any CPU
		{A7AAE6E9-DA45-F293-8D73-E81B4DE511E5}.Release|Any CPU.Build.0 = Release|Any CPU
		{14B83504-2F2D-DCEC-B5B9-5EA951698B9F}.Debug|Any CPU.ActiveCfg = Debug|Any CPU
		{14B83504-2F2D-DCEC-B5B9-5EA951698B9F}.Debug|Any CPU.Build.0 = Debug|Any CPU
		{14B83504-2F2D-DCEC-B5B9-5EA951698B9F}.Release|Any CPU.ActiveCfg = Release|Any CPU
		{14B83504-2F2D-DCEC-B5B9-5EA951698B9F}.Release|Any CPU.Build.0 = Release|Any CPU
		{46822E02-2918-D0A7-C748-91DFD0E962B3}.Debug|Any CPU.ActiveCfg = Debug|Any CPU
		{46822E02-2918-D0A7-C748-91DFD0E962B3}.Debug|Any CPU.Build.0 = Debug|Any CPU
		{46822E02-2918-D0A7-C748-91DFD0E962B3}.Release|Any CPU.ActiveCfg = Release|Any CPU
		{46822E02-2918-D0A7-C748-91DFD0E962B3}.Release|Any CPU.Build.0 = Release|Any CPU
		{F85C1A1F-F2D8-249D-4BF5-F136219DD7BA}.Debug|Any CPU.ActiveCfg = Debug|Any CPU
		{F85C1A1F-F2D8-249D-4BF5-F136219DD7BA}.Debug|Any CPU.Build.0 = Debug|Any CPU
		{F85C1A1F-F2D8-249D-4BF5-F136219DD7BA}.Release|Any CPU.ActiveCfg = Release|Any CPU
		{F85C1A1F-F2D8-249D-4BF5-F136219DD7BA}.Release|Any CPU.Build.0 = Release|Any CPU
		{E9EC3E22-C6B9-4D86-9A38-28AB807EC633}.Debug|Any CPU.ActiveCfg = Debug|Any CPU
		{E9EC3E22-C6B9-4D86-9A38-28AB807EC633}.Debug|Any CPU.Build.0 = Debug|Any CPU
		{E9EC3E22-C6B9-4D86-9A38-28AB807EC633}.Release|Any CPU.ActiveCfg = Release|Any CPU
		{E9EC3E22-C6B9-4D86-9A38-28AB807EC633}.Release|Any CPU.Build.0 = Release|Any CPU
		{48214E5A-3AC7-0161-EBE3-140C2E8D3514}.Debug|Any CPU.ActiveCfg = Debug|Any CPU
		{48214E5A-3AC7-0161-EBE3-140C2E8D3514}.Debug|Any CPU.Build.0 = Debug|Any CPU
		{48214E5A-3AC7-0161-EBE3-140C2E8D3514}.Release|Any CPU.ActiveCfg = Release|Any CPU
		{48214E5A-3AC7-0161-EBE3-140C2E8D3514}.Release|Any CPU.Build.0 = Release|Any CPU
		{56AE4CFC-2D43-41E1-BF1C-4AB3FEACB513}.Debug|Any CPU.ActiveCfg = Debug|Any CPU
		{56AE4CFC-2D43-41E1-BF1C-4AB3FEACB513}.Debug|Any CPU.Build.0 = Debug|Any CPU
		{56AE4CFC-2D43-41E1-BF1C-4AB3FEACB513}.Release|Any CPU.ActiveCfg = Release|Any CPU
		{56AE4CFC-2D43-41E1-BF1C-4AB3FEACB513}.Release|Any CPU.Build.0 = Release|Any CPU
	EndGlobalSection
	GlobalSection(SolutionProperties) = preSolution
		HideSolutionNode = FALSE
	EndGlobalSection
	GlobalSection(NestedProjects) = preSolution
		{5BB94782-8C05-4D0C-A4A5-03285CEA01F4} = {F92B50C1-54FA-4B55-9854-FDDBFF49C4F6}
		{A87DBDF9-8503-99A1-62BC-9B2615212EEC} = {02EA681E-C7D8-13C7-8484-4AC65E1B71E8}
		{2EFC3552-FA61-FD99-7160-3888BB0C946E} = {02EA681E-C7D8-13C7-8484-4AC65E1B71E8}
		{A7AAE6E9-DA45-F293-8D73-E81B4DE511E5} = {02EA681E-C7D8-13C7-8484-4AC65E1B71E8}
		{14B83504-2F2D-DCEC-B5B9-5EA951698B9F} = {02EA681E-C7D8-13C7-8484-4AC65E1B71E8}
		{46822E02-2918-D0A7-C748-91DFD0E962B3} = {02EA681E-C7D8-13C7-8484-4AC65E1B71E8}
		{F85C1A1F-F2D8-249D-4BF5-F136219DD7BA} = {02EA681E-C7D8-13C7-8484-4AC65E1B71E8}
		{E9EC3E22-C6B9-4D86-9A38-28AB807EC633} = {F92B50C1-54FA-4B55-9854-FDDBFF49C4F6}
		{48214E5A-3AC7-0161-EBE3-140C2E8D3514} = {02EA681E-C7D8-13C7-8484-4AC65E1B71E8}
		{56AE4CFC-2D43-41E1-BF1C-4AB3FEACB513} = {02EA681E-C7D8-13C7-8484-4AC65E1B71E8}
	EndGlobalSection
	GlobalSection(ExtensibilityGlobals) = postSolution
		SolutionGuid = {0D4B39BB-504F-457A-A731-79B9D73800F6}
	EndGlobalSection
EndGlobal
