
Microsoft Visual Studio Solution File, Format Version 12.00
# Visual Studio Version 17
VisualStudioVersion = 17.13.35931.197
MinimumVisualStudioVersion = 10.0.40219.1
Project("{2150E333-8FDC-42A3-9474-1A3956D46DE8}") = "teccher", "teccher", "{02EA681E-C7D8-13C7-8484-4AC65E1B71E8}"
EndProject
Project("{2150E333-8FDC-42A3-9474-1A3956D46DE8}") = "My", "My", "{F92B50C1-54FA-4B55-9854-FDDBFF49C4F6}"
EndProject
Project("{FAE04EC0-301F-11D3-BF4B-00C04F79EFBC}") = "WebApplication1", "My\WebApplication1\WebApplication1.csproj", "{75E3D0A4-BDAB-4D77-8872-2E3F7447623F}"
EndProject
Project("{FAE04EC0-301F-11D3-BF4B-00C04F79EFBC}") = "WebApplication3", "WebApplication3\WebApplication3.csproj", "{FDC0D17D-D756-462D-95F8-DC68B57F8CE6}"
EndProject
Project("{FAE04EC0-301F-11D3-BF4B-00C04F79EFBC}") = "NorthwindStore", "My\NorthwindStore\NorthwindStore.csproj", "{5BB94782-8C05-4D0C-A4A5-03285CEA01F4}"
EndProject
Global
	GlobalSection(SolutionConfigurationPlatforms) = preSolution
		Debug|Any CPU = Debug|Any CPU
		Release|Any CPU = Release|Any CPU
	EndGlobalSection
	GlobalSection(ProjectConfigurationPlatforms) = postSolution
		{75E3D0A4-BDAB-4D77-8872-2E3F7447623F}.Debug|Any CPU.ActiveCfg = Debug|Any CPU
		{75E3D0A4-BDAB-4D77-8872-2E3F7447623F}.Debug|Any CPU.Build.0 = Debug|Any CPU
		{75E3D0A4-BDAB-4D77-8872-2E3F7447623F}.Release|Any CPU.ActiveCfg = Release|Any CPU
		{75E3D0A4-BDAB-4D77-8872-2E3F7447623F}.Release|Any CPU.Build.0 = Release|Any CPU
		{FDC0D17D-D756-462D-95F8-DC68B57F8CE6}.Debug|Any CPU.ActiveCfg = Debug|Any CPU
		{FDC0D17D-D756-462D-95F8-DC68B57F8CE6}.Debug|Any CPU.Build.0 = Debug|Any CPU
		{FDC0D17D-D756-462D-95F8-DC68B57F8CE6}.Release|Any CPU.ActiveCfg = Release|Any CPU
		{FDC0D17D-D756-462D-95F8-DC68B57F8CE6}.Release|Any CPU.Build.0 = Release|Any CPU
		{5BB94782-8C05-4D0C-A4A5-03285CEA01F4}.Debug|Any CPU.ActiveCfg = Debug|Any CPU
		{5BB94782-8C05-4D0C-A4A5-03285CEA01F4}.Debug|Any CPU.Build.0 = Debug|Any CPU
		{5BB94782-8C05-4D0C-A4A5-03285CEA01F4}.Release|Any CPU.ActiveCfg = Release|Any CPU
		{5BB94782-8C05-4D0C-A4A5-03285CEA01F4}.Release|Any CPU.Build.0 = Release|Any CPU
	EndGlobalSection
	GlobalSection(SolutionProperties) = preSolution
		HideSolutionNode = FALSE
	EndGlobalSection
	GlobalSection(NestedProjects) = preSolution
		{75E3D0A4-BDAB-4D77-8872-2E3F7447623F} = {F92B50C1-54FA-4B55-9854-FDDBFF49C4F6}
		{FDC0D17D-D756-462D-95F8-DC68B57F8CE6} = {F92B50C1-54FA-4B55-9854-FDDBFF49C4F6}
		{5BB94782-8C05-4D0C-A4A5-03285CEA01F4} = {F92B50C1-54FA-4B55-9854-FDDBFF49C4F6}
	EndGlobalSection
	GlobalSection(ExtensibilityGlobals) = postSolution
		SolutionGuid = {0D4B39BB-504F-457A-A731-79B9D73800F6}
	EndGlobalSection
EndGlobal
